
Microsoft Visual Studio Solution File, Format Version 12.00
# Visual Studio 15
VisualStudioVersion = 15.0.27703.2018
MinimumVisualStudioVersion = 10.0.40219.1
Project("{FAE04EC0-301F-11D3-BF4B-00C04F79EFBC}") = "RailwayPlanner", "RailwayPlanner\RailwayPlanner.csproj", "{61BD5231-2A0A-456B-A14E-5C26FBC09E67}"
EndProject
Global
	GlobalSection(SolutionConfigurationPlatforms) = preSolution
		Debug|Any CPU = Debug|Any CPU
		Release|Any CPU = Release|Any CPU
	EndGlobalSection
	GlobalSection(ProjectConfigurationPlatforms) = postSolution
		{61BD5231-2A0A-456B-A14E-5C26FBC09E67}.Debug|Any CPU.ActiveCfg = Debug|Any CPU
		{61BD5231-2A0A-456B-A14E-5C26FBC09E67}.Debug|Any CPU.Build.0 = Debug|Any CPU
		{61BD5231-2A0A-456B-A14E-5C26FBC09E67}.Release|Any CPU.ActiveCfg = Release|Any CPU
		{61BD5231-2A0A-456B-A14E-5C26FBC09E67}.Release|Any CPU.Build.0 = Release|Any CPU
	EndGlobalSection
	GlobalSection(SolutionProperties) = preSolution
		HideSolutionNode = FALSE
	EndGlobalSection
	GlobalSection(ExtensibilityGlobals) = postSolution
		SolutionGuid = {B3030226-1D4B-4061-B747-5B440C1A4852}
	EndGlobalSection
EndGlobal
